
Microsoft Visual Studio Solution File, Format Version 12.00
# Visual Studio 2012
Project("{FAE04EC0-301F-11D3-BF4B-00C04F79EFBC}") = "Mvcmail", "Mvcmail\Mvcmail.csproj", "{FF719C40-9EA5-46D1-8D99-4004F57F2DA3}"
EndProject
Project("{FAE04EC0-301F-11D3-BF4B-00C04F79EFBC}") = "Domain", "Domain\Domain.csproj", "{A9B75449-79A1-4237-9A70-BC7CE2786628}"
EndProject
Project("{FAE04EC0-301F-11D3-BF4B-00C04F79EFBC}") = "DAL", "DAL\DAL.csproj", "{38947DF1-4466-41F1-9906-A7E4098437A9}"
EndProject
Global
	GlobalSection(SolutionConfigurationPlatforms) = preSolution
		Debug|Any CPU = Debug|Any CPU
		Release|Any CPU = Release|Any CPU
	EndGlobalSection
	GlobalSection(ProjectConfigurationPlatforms) = postSolution
		{FF719C40-9EA5-46D1-8D99-4004F57F2DA3}.Debug|Any CPU.ActiveCfg = Debug|Any CPU
		{FF719C40-9EA5-46D1-8D99-4004F57F2DA3}.Debug|Any CPU.Build.0 = Debug|Any CPU
		{FF719C40-9EA5-46D1-8D99-4004F57F2DA3}.Release|Any CPU.ActiveCfg = Release|Any CPU
		{FF719C40-9EA5-46D1-8D99-4004F57F2DA3}.Release|Any CPU.Build.0 = Release|Any CPU
		{A9B75449-79A1-4237-9A70-BC7CE2786628}.Debug|Any CPU.ActiveCfg = Debug|Any CPU
		{A9B75449-79A1-4237-9A70-BC7CE2786628}.Debug|Any CPU.Build.0 = Debug|Any CPU
		{A9B75449-79A1-4237-9A70-BC7CE2786628}.Release|Any CPU.ActiveCfg = Release|Any CPU
		{A9B75449-79A1-4237-9A70-BC7CE2786628}.Release|Any CPU.Build.0 = Release|Any CPU
		{38947DF1-4466-41F1-9906-A7E4098437A9}.Debug|Any CPU.ActiveCfg = Debug|Any CPU
		{38947DF1-4466-41F1-9906-A7E4098437A9}.Debug|Any CPU.Build.0 = Debug|Any CPU
		{38947DF1-4466-41F1-9906-A7E4098437A9}.Release|Any CPU.ActiveCfg = Release|Any CPU
		{38947DF1-4466-41F1-9906-A7E4098437A9}.Release|Any CPU.Build.0 = Release|Any CPU
	EndGlobalSection
	GlobalSection(SolutionProperties) = preSolution
		HideSolutionNode = FALSE
	EndGlobalSection
EndGlobal
